// !$*UTF8*$!
{
	archiveVersion = 1;
	classes = {
	};
	objectVersion = 50;
	objects = {

/* Begin PBXBuildFile section */
		D9C218C2256FA8A700B7E151 /* AppDelegate.swift in Sources */ = {isa = PBXBuildFile; fileRef = D9C218C1256FA8A700B7E151 /* AppDelegate.swift */; };
		D9C218C4256FA8A700B7E151 /* ContentView.swift in Sources */ = {isa = PBXBuildFile; fileRef = D9C218C3256FA8A700B7E151 /* ContentView.swift */; };
		D9C218C7256FA8A700B7E151 /* FirstMenuBarApp.xcdatamodeld in Sources */ = {isa = PBXBuildFile; fileRef = D9C218C5256FA8A700B7E151 /* FirstMenuBarApp.xcdatamodeld */; };
		D9C218C9256FA8AB00B7E151 /* Assets.xcassets in Resources */ = {isa = PBXBuildFile; fileRef = D9C218C8256FA8AB00B7E151 /* Assets.xcassets */; };
		D9C218CC256FA8AB00B7E151 /* Preview Assets.xcassets in Resources */ = {isa = PBXBuildFile; fileRef = D9C218CB256FA8AB00B7E151 /* Preview Assets.xcassets */; };
		D9C218CF256FA8AB00B7E151 /* Main.storyboard in Resources */ = {isa = PBXBuildFile; fileRef = D9C218CD256FA8AB00B7E151 /* Main.storyboard */; };
/* End PBXBuildFile section */

/* Begin PBXFileReference section */
		D9C218BE256FA8A600B7E151 /* FirstMenuBarApp.app */ = {isa = PBXFileReference; explicitFileType = wrapper.application; includeInIndex = 0; path = FirstMenuBarApp.app; sourceTree = BUILT_PRODUCTS_DIR; };
		D9C218C1256FA8A700B7E151 /* AppDelegate.swift */ = {isa = PBXFileReference; lastKnownFileType = sourcecode.swift; path = AppDelegate.swift; sourceTree = "<group>"; };
		D9C218C3256FA8A700B7E151 /* ContentView.swift */ = {isa = PBXFileReference; lastKnownFileType = sourcecode.swift; path = ContentView.swift; sourceTree = "<group>"; };
		D9C218C6256FA8A700B7E151 /* FirstMenuBarApp.xcdatamodel */ = {isa = PBXFileReference; lastKnownFileType = wrapper.xcdatamodel; path = FirstMenuBarApp.xcdatamodel; sourceTree = "<group>"; };
		D9C218C8256FA8AB00B7E151 /* Assets.xcassets */ = {isa = PBXFileReference; lastKnownFileType = folder.assetcatalog; path = Assets.xcassets; sourceTree = "<group>"; };
		D9C218CB256FA8AB00B7E151 /* Preview Assets.xcassets */ = {isa = PBXFileReference; lastKnownFileType = folder.assetcatalog; path = "Preview Assets.xcassets"; sourceTree = "<group>"; };
		D9C218CE256FA8AB00B7E151 /* Base */ = {isa = PBXFileReference; lastKnownFileType = file.storyboard; name = Base; path = Base.lproj/Main.storyboard; sourceTree = "<group>"; };
		D9C218D0256FA8AB00B7E151 /* Info.plist */ = {isa = PBXFileReference; lastKnownFileType = text.plist.xml; path = Info.plist; sourceTree = "<group>"; };
		D9C218D1256FA8AB00B7E151 /* FirstMenuBarApp.entitlements */ = {isa = PBXFileReference; lastKnownFileType = text.plist.entitlements; path = FirstMenuBarApp.entitlements; sourceTree = "<group>"; };
/* End PBXFileReference section */

/* Begin PBXFrameworksBuildPhase section */
		D9C218BB256FA8A600B7E151 /* Frameworks */ = {
			isa = PBXFrameworksBuildPhase;
			buildActionMask = 2147483647;
			files = (
			);
			runOnlyForDeploymentPostprocessing = 0;
		};
/* End PBXFrameworksBuildPhase section */

/* Begin PBXGroup section */
		D9C218B5256FA8A600B7E151 = {
			isa = PBXGroup;
			children = (
				D9C218C0256FA8A700B7E151 /* FirstMenuBarApp */,
				D9C218BF256FA8A600B7E151 /* Products */,
			);
			sourceTree = "<group>";
		};
		D9C218BF256FA8A600B7E151 /* Products */ = {
			isa = PBXGroup;
			children = (
				D9C218BE256FA8A600B7E151 /* FirstMenuBarApp.app */,
			);
			name = Products;
			sourceTree = "<group>";
		};
		D9C218C0256FA8A700B7E151 /* FirstMenuBarApp */ = {
			isa = PBXGroup;
			children = (
				D9C218C1256FA8A700B7E151 /* AppDelegate.swift */,
				D9C218C3256FA8A700B7E151 /* ContentView.swift */,
				D9C218C8256FA8AB00B7E151 /* Assets.xcassets */,
				D9C218CD256FA8AB00B7E151 /* Main.storyboard */,
				D9C218D0256FA8AB00B7E151 /* Info.plist */,
				D9C218D1256FA8AB00B7E151 /* FirstMenuBarApp.entitlements */,
				D9C218C5256FA8A700B7E151 /* FirstMenuBarApp.xcdatamodeld */,
				D9C218CA256FA8AB00B7E151 /* Preview Content */,
			);
			path = FirstMenuBarApp;
			sourceTree = "<group>";
		};
		D9C218CA256FA8AB00B7E151 /* Preview Content */ = {
			isa = PBXGroup;
			children = (
				D9C218CB256FA8AB00B7E151 /* Preview Assets.xcassets */,
			);
			path = "Preview Content";
			sourceTree = "<group>";
		};
/* End PBXGroup section */

/* Begin PBXNativeTarget section */
		D9C218BD256FA8A600B7E151 /* FirstMenuBarApp */ = {
			isa = PBXNativeTarget;
			buildConfigurationList = D9C218D4256FA8AB00B7E151 /* Build configuration list for PBXNativeTarget "FirstMenuBarApp" */;
			buildPhases = (
				D9C218BA256FA8A600B7E151 /* Sources */,
				D9C218BB256FA8A600B7E151 /* Frameworks */,
				D9C218BC256FA8A600B7E151 /* Resources */,
			);
			buildRules = (
			);
			dependencies = (
			);
			name = FirstMenuBarApp;
			productName = FirstMenuBarApp;
			productReference = D9C218BE256FA8A600B7E151 /* FirstMenuBarApp.app */;
			productType = "com.apple.product-type.application";
		};
/* End PBXNativeTarget section */

/* Begin PBXProject section */
		D9C218B6256FA8A600B7E151 /* Project object */ = {
			isa = PBXProject;
			attributes = {
				LastSwiftUpdateCheck = 1220;
				LastUpgradeCheck = 1220;
				TargetAttributes = {
					D9C218BD256FA8A600B7E151 = {
						CreatedOnToolsVersion = 12.2;
					};
				};
			};
			buildConfigurationList = D9C218B9256FA8A600B7E151 /* Build configuration list for PBXProject "FirstMenuBarApp" */;
			compatibilityVersion = "Xcode 9.3";
			developmentRegion = en;
			hasScannedForEncodings = 0;
			knownRegions = (
				en,
				Base,
			);
			mainGroup = D9C218B5256FA8A600B7E151;
			productRefGroup = D9C218BF256FA8A600B7E151 /* Products */;
			projectDirPath = "";
			projectRoot = "";
			targets = (
				D9C218BD256FA8A600B7E151 /* FirstMenuBarApp */,
			);
		};
/* End PBXProject section */

/* Begin PBXResourcesBuildPhase section */
		D9C218BC256FA8A600B7E151 /* Resources */ = {
			isa = PBXResourcesBuildPhase;
			buildActionMask = 2147483647;
			files = (
				D9C218CF256FA8AB00B7E151 /* Main.storyboard in Resources */,
				D9C218CC256FA8AB00B7E151 /* Preview Assets.xcassets in Resources */,
				D9C218C9256FA8AB00B7E151 /* Assets.xcassets in Resources */,
			);
			runOnlyForDeploymentPostprocessing = 0;
		};
/* End PBXResourcesBuildPhase section */

/* Begin PBXSourcesBuildPhase section */
		D9C218BA256FA8A600B7E151 /* Sources */ = {
			isa = PBXSourcesBuildPhase;
			buildActionMask = 2147483647;
			files = (
				D9C218C7256FA8A700B7E151 /* FirstMenuBarApp.xcdatamodeld in Sources */,
				D9C218C4256FA8A700B7E151 /* ContentView.swift in Sources */,
				D9C218C2256FA8A700B7E151 /* AppDelegate.swift in Sources */,
			);
			runOnlyForDeploymentPostprocessing = 0;
		};
/* End PBXSourcesBuildPhase section */

/* Begin PBXVariantGroup section */
		D9C218CD256FA8AB00B7E151 /* Main.storyboard */ = {
			isa = PBXVariantGroup;
			children = (
				D9C218CE256FA8AB00B7E151 /* Base */,
			);
			name = Main.storyboard;
			sourceTree = "<group>";
		};
/* End PBXVariantGroup section */

/* Begin XCBuildConfiguration section */
		D9C218D2256FA8AB00B7E151 /* Debug */ = {
			isa = XCBuildConfiguration;
			buildSettings = {
				ALWAYS_SEARCH_USER_PATHS = NO;
				CLANG_ANALYZER_NONNULL = YES;
				CLANG_ANALYZER_NUMBER_OBJECT_CONVERSION = YES_AGGRESSIVE;
				CLANG_CXX_LANGUAGE_STANDARD = "gnu++14";
				CLANG_CXX_LIBRARY = "libc++";
				CLANG_ENABLE_MODULES = YES;
				CLANG_ENABLE_OBJC_ARC = YES;
				CLANG_ENABLE_OBJC_WEAK = YES;
				CLANG_WARN_BLOCK_CAPTURE_AUTORELEASING = YES;
				CLANG_WARN_BOOL_CONVERSION = YES;
				CLANG_WARN_COMMA = YES;
				CLANG_WARN_CONSTANT_CONVERSION = YES;
				CLANG_WARN_DEPRECATED_OBJC_IMPLEMENTATIONS = YES;
				CLANG_WARN_DIRECT_OBJC_ISA_USAGE = YES_ERROR;
				CLANG_WARN_DOCUMENTATION_COMMENTS = YES;
				CLANG_WARN_EMPTY_BODY = YES;
				CLANG_WARN_ENUM_CONVERSION = YES;
				CLANG_WARN_INFINITE_RECURSION = YES;
				CLANG_WARN_INT_CONVERSION = YES;
				CLANG_WARN_NON_LITERAL_NULL_CONVERSION = YES;
				CLANG_WARN_OBJC_IMPLICIT_RETAIN_SELF = YES;
				CLANG_WARN_OBJC_LITERAL_CONVERSION = YES;
				CLANG_WARN_OBJC_ROOT_CLASS = YES_ERROR;
				CLANG_WARN_QUOTED_INCLUDE_IN_FRAMEWORK_HEADER = YES;
				CLANG_WARN_RANGE_LOOP_ANALYSIS = YES;
				CLANG_WARN_STRICT_PROTOTYPES = YES;
				CLANG_WARN_SUSPICIOUS_MOVE = YES;
				CLANG_WARN_UNGUARDED_AVAILABILITY = YES_AGGRESSIVE;
				CLANG_WARN_UNREACHABLE_CODE = YES;
				CLANG_WARN__DUPLICATE_METHOD_MATCH = YES;
				COPY_PHASE_STRIP = NO;
				DEBUG_INFORMATION_FORMAT = dwarf;
				ENABLE_STRICT_OBJC_MSGSEND = YES;
				ENABLE_TESTABILITY = YES;
				GCC_C_LANGUAGE_STANDARD = gnu11;
				GCC_DYNAMIC_NO_PIC = NO;
				GCC_NO_COMMON_BLOCKS = YES;
				GCC_OPTIMIZATION_LEVEL = 0;
				GCC_PREPROCESSOR_DEFINITIONS = (
					"DEBUG=1",
					"$(inherited)",
				);
				GCC_WARN_64_TO_32_BIT_CONVERSION = YES;
				GCC_WARN_ABOUT_RETURN_TYPE = YES_ERROR;
				GCC_WARN_UNDECLARED_SELECTOR = YES;
				GCC_WARN_UNINITIALIZED_AUTOS = YES_AGGRESSIVE;
				GCC_WARN_UNUSED_FUNCTION = YES;
				GCC_WARN_UNUSED_VARIABLE = YES;
				MACOSX_DEPLOYMENT_TARGET = 11.0;
				MTL_ENABLE_DEBUG_INFO = INCLUDE_SOURCE;
				MTL_FAST_MATH = YES;
				ONLY_ACTIVE_ARCH = YES;
				SDKROOT = macosx;
				SWIFT_ACTIVE_COMPILATION_CONDITIONS = DEBUG;
				SWIFT_OPTIMIZATION_LEVEL = "-Onone";
			};
			name = Debug;
		};
		D9C218D3256FA8AB00B7E151 /* Release */ = {
			isa = XCBuildConfiguration;
			buildSettings = {
				ALWAYS_SEARCH_USER_PATHS = NO;
				CLANG_ANALYZER_NONNULL = YES;
				CLANG_ANALYZER_NUMBER_OBJECT_CONVERSION = YES_AGGRESSIVE;
				CLANG_CXX_LANGUAGE_STANDARD = "gnu++14";
				CLANG_CXX_LIBRARY = "libc++";
				CLANG_ENABLE_MODULES = YES;
				CLANG_ENABLE_OBJC_ARC = YES;
				CLANG_ENABLE_OBJC_WEAK = YES;
				CLANG_WARN_BLOCK_CAPTURE_AUTORELEASING = YES;
				CLANG_WARN_BOOL_CONVERSION = YES;
				CLANG_WARN_COMMA = YES;
				CLANG_WARN_CONSTANT_CONVERSION = YES;
				CLANG_WARN_DEPRECATED_OBJC_IMPLEMENTATIONS = YES;
				CLANG_WARN_DIRECT_OBJC_ISA_USAGE = YES_ERROR;
				CLANG_WARN_DOCUMENTATION_COMMENTS = YES;
				CLANG_WARN_EMPTY_BODY = YES;
				CLANG_WARN_ENUM_CONVERSION = YES;
				CLANG_WARN_INFINITE_RECURSION = YES;
				CLANG_WARN_INT_CONVERSION = YES;
				CLANG_WARN_NON_LITERAL_NULL_CONVERSION = YES;
				CLANG_WARN_OBJC_IMPLICIT_RETAIN_SELF = YES;
				CLANG_WARN_OBJC_LITERAL_CONVERSION = YES;
				CLANG_WARN_OBJC_ROOT_CLASS = YES_ERROR;
				CLANG_WARN_QUOTED_INCLUDE_IN_FRAMEWORK_HEADER = YES;
				CLANG_WARN_RANGE_LOOP_ANALYSIS = YES;
				CLANG_WARN_STRICT_PROTOTYPES = YES;
				CLANG_WARN_SUSPICIOUS_MOVE = YES;
				CLANG_WARN_UNGUARDED_AVAILABILITY = YES_AGGRESSIVE;
				CLANG_WARN_UNREACHABLE_CODE = YES;
				CLANG_WARN__DUPLICATE_METHOD_MATCH = YES;
				COPY_PHASE_STRIP = NO;
				DEBUG_INFORMATION_FORMAT = "dwarf-with-dsym";
				ENABLE_NS_ASSERTIONS = NO;
				ENABLE_STRICT_OBJC_MSGSEND = YES;
				GCC_C_LANGUAGE_STANDARD = gnu11;
				GCC_NO_COMMON_BLOCKS = YES;
				GCC_WARN_64_TO_32_BIT_CONVERSION = YES;
				GCC_WARN_ABOUT_RETURN_TYPE = YES_ERROR;
				GCC_WARN_UNDECLARED_SELECTOR = YES;
				GCC_WARN_UNINITIALIZED_AUTOS = YES_AGGRESSIVE;
				GCC_WARN_UNUSED_FUNCTION = YES;
				GCC_WARN_UNUSED_VARIABLE = YES;
				MACOSX_DEPLOYMENT_TARGET = 11.0;
				MTL_ENABLE_DEBUG_INFO = NO;
				MTL_FAST_MATH = YES;
				SDKROOT = macosx;
				SWIFT_COMPILATION_MODE = wholemodule;
				SWIFT_OPTIMIZATION_LEVEL = "-O";
			};
			name = Release;
		};
		D9C218D5256FA8AB00B7E151 /* Debug */ = {
			isa = XCBuildConfiguration;
			buildSettings = {
				ASSETCATALOG_COMPILER_APPICON_NAME = AppIcon;
				ASSETCATALOG_COMPILER_GLOBAL_ACCENT_COLOR_NAME = AccentColor;
				CODE_SIGN_ENTITLEMENTS = FirstMenuBarApp/FirstMenuBarApp.entitlements;
				CODE_SIGN_STYLE = Automatic;
				COMBINE_HIDPI_IMAGES = YES;
				DEVELOPMENT_ASSET_PATHS = "\"FirstMenuBarApp/Preview Content\"";
				DEVELOPMENT_TEAM = MT83Z9G3C6;
				ENABLE_HARDENED_RUNTIME = YES;
				ENABLE_PREVIEWS = YES;
				INFOPLIST_FILE = FirstMenuBarApp/Info.plist;
				LD_RUNPATH_SEARCH_PATHS = (
					"$(inherited)",
					"@executable_path/../Frameworks",
				);
				MACOSX_DEPLOYMENT_TARGET = 10.15;
				PRODUCT_BUNDLE_IDENTIFIER = my.aiur.FirstMenuBarApp;
				PRODUCT_NAME = "$(TARGET_NAME)";
				SWIFT_VERSION = 5.0;
			};
			name = Debug;
		};
		D9C218D6256FA8AB00B7E151 /* Release */ = {
			isa = XCBuildConfiguration;
			buildSettings = {
				ASSETCATALOG_COMPILER_APPICON_NAME = AppIcon;
				ASSETCATALOG_COMPILER_GLOBAL_ACCENT_COLOR_NAME = AccentColor;
				CODE_SIGN_ENTITLEMENTS = FirstMenuBarApp/FirstMenuBarApp.entitlements;
				CODE_SIGN_STYLE = Automatic;
				COMBINE_HIDPI_IMAGES = YES;
				DEVELOPMENT_ASSET_PATHS = "\"FirstMenuBarApp/Preview Content\"";
				DEVELOPMENT_TEAM = MT83Z9G3C6;
				ENABLE_HARDENED_RUNTIME = YES;
				ENABLE_PREVIEWS = YES;
				INFOPLIST_FILE = FirstMenuBarApp/Info.plist;
				LD_RUNPATH_SEARCH_PATHS = (
					"$(inherited)",
					"@executable_path/../Frameworks",
				);
				MACOSX_DEPLOYMENT_TARGET = 10.15;
				PRODUCT_BUNDLE_IDENTIFIER = my.aiur.FirstMenuBarApp;
				PRODUCT_NAME = "$(TARGET_NAME)";
				SWIFT_VERSION = 5.0;
			};
			name = Release;
		};
/* End XCBuildConfiguration section */

/* Begin XCConfigurationList section */
		D9C218B9256FA8A600B7E151 /* Build configuration list for PBXProject "FirstMenuBarApp" */ = {
			isa = XCConfigurationList;
			buildConfigurations = (
				D9C218D2256FA8AB00B7E151 /* Debug */,
				D9C218D3256FA8AB00B7E151 /* Release */,
			);
			defaultConfigurationIsVisible = 0;
			defaultConfigurationName = Release;
		};
		D9C218D4256FA8AB00B7E151 /* Build configuration list for PBXNativeTarget "FirstMenuBarApp" */ = {
			isa = XCConfigurationList;
			buildConfigurations = (
				D9C218D5256FA8AB00B7E151 /* Debug */,
				D9C218D6256FA8AB00B7E151 /* Release */,
			);
			defaultConfigurationIsVisible = 0;
			defaultConfigurationName = Release;
		};
/* End XCConfigurationList section */

/* Begin XCVersionGroup section */
		D9C218C5256FA8A700B7E151 /* FirstMenuBarApp.xcdatamodeld */ = {
			isa = XCVersionGroup;
			children = (
				D9C218C6256FA8A700B7E151 /* FirstMenuBarApp.xcdatamodel */,
			);
			currentVersion = D9C218C6256FA8A700B7E151 /* FirstMenuBarApp.xcdatamodel */;
			path = FirstMenuBarApp.xcdatamodeld;
			sourceTree = "<group>";
			versionGroupType = wrapper.xcdatamodel;
		};
/* End XCVersionGroup section */
	};
	rootObject = D9C218B6256FA8A600B7E151 /* Project object */;
}
